
Microsoft Visual Studio Solution File, Format Version 12.00
# Visual Studio Version 16
VisualStudioVersion = 16.0.35826.135
MinimumVisualStudioVersion = 10.0.40219.1
Project("{FAE04EC0-301F-11D3-BF4B-00C04F79EFBC}") = "TP2_GRUPO_3", "TP2_GRUPO_3\TP2_GRUPO_3.csproj", "{80F1C573-1276-4EE9-90F2-35669EF16C68}"
EndProject
Global
	GlobalSection(SolutionConfigurationPlatforms) = preSolution
		Debug|Any CPU = Debug|Any CPU
		Release|Any CPU = Release|Any CPU
	EndGlobalSection
	GlobalSection(ProjectConfigurationPlatforms) = postSolution
		{80F1C573-1276-4EE9-90F2-35669EF16C68}.Debug|Any CPU.ActiveCfg = Debug|Any CPU
		{80F1C573-1276-4EE9-90F2-35669EF16C68}.Debug|Any CPU.Build.0 = Debug|Any CPU
		{80F1C573-1276-4EE9-90F2-35669EF16C68}.Release|Any CPU.ActiveCfg = Release|Any CPU
		{80F1C573-1276-4EE9-90F2-35669EF16C68}.Release|Any CPU.Build.0 = Release|Any CPU
	EndGlobalSection
	GlobalSection(SolutionProperties) = preSolution
		HideSolutionNode = FALSE
	EndGlobalSection
	GlobalSection(ExtensibilityGlobals) = postSolution
		SolutionGuid = {36A5DD08-E1A4-4591-8FCF-3D57EE2005A9}
	EndGlobalSection
EndGlobal
